
Microsoft Visual Studio Solution File, Format Version 12.00
# Visual Studio Version 16
VisualStudioVersion = 16.0.32428.217
MinimumVisualStudioVersion = 10.0.40219.1
Project("{00D1A9C2-B5F0-4AF3-8072-F6C62B433612}") = "BriveBootCampE1DB", "BriveBootCampE1DB\BriveBootCampE1DB.sqlproj", "{D5AE7603-1B6F-47B4-8C93-EB3667C162E4}"
EndProject
Global
	GlobalSection(SolutionConfigurationPlatforms) = preSolution
		Debug|Any CPU = Debug|Any CPU
		Release|Any CPU = Release|Any CPU
	EndGlobalSection
	GlobalSection(ProjectConfigurationPlatforms) = postSolution
		{D5AE7603-1B6F-47B4-8C93-EB3667C162E4}.Debug|Any CPU.ActiveCfg = Debug|Any CPU
		{D5AE7603-1B6F-47B4-8C93-EB3667C162E4}.Debug|Any CPU.Build.0 = Debug|Any CPU
		{D5AE7603-1B6F-47B4-8C93-EB3667C162E4}.Debug|Any CPU.Deploy.0 = Debug|Any CPU
		{D5AE7603-1B6F-47B4-8C93-EB3667C162E4}.Release|Any CPU.ActiveCfg = Release|Any CPU
		{D5AE7603-1B6F-47B4-8C93-EB3667C162E4}.Release|Any CPU.Build.0 = Release|Any CPU
		{D5AE7603-1B6F-47B4-8C93-EB3667C162E4}.Release|Any CPU.Deploy.0 = Release|Any CPU
	EndGlobalSection
	GlobalSection(SolutionProperties) = preSolution
		HideSolutionNode = FALSE
	EndGlobalSection
	GlobalSection(ExtensibilityGlobals) = postSolution
		SolutionGuid = {A833379F-51F5-4992-A6A8-9D6547298420}
	EndGlobalSection
EndGlobal
